<?xml version="1.0" encoding="utf-8"?>
<Project ToolsVersion="18.0" xmlns="http://schemas.microsoft.com/developer/msbuild/2003">
  <ItemGroup>
    <ClCompile Include="C:\Users\ines-user\projects\PUBSUB_C\publisher_c\main.c">
      <Filter>Source Files</Filter>
    </ClCompile>
  </ItemGroup>
  <ItemGroup>
    <CustomBuild Include="C:\Users\ines-user\projects\PUBSUB_C\publisher_c\CMakeLists.txt" />
  </ItemGroup>
  <ItemGroup>
    <Filter Include="Source Files">
      <UniqueIdentifier>{F503EA45-5A92-39A1-B289-B53AA0222C4B}</UniqueIdentifier>
    </Filter>
  </ItemGroup>
</Project>
