<?xml version="1.0" encoding="UTF-8"?>
<Solution>
	<Configurations>
		<BuildType Name="Debug"/>
		<BuildType Name="Release"/>
		<BuildType Name="MinSizeRel"/>
		<BuildType Name="RelWithDebInfo"/>
		<Platform Name="x64"/>
	</Configurations>
	<Project Path="ALL_BUILD.vcxproj" Type="8bc9ceb8-8b4a-11d0-8d11-00a0c91bc942" Id="34c44dde-d1c6-3ed9-85fa-728b2046fa65" DefaultStartup="true">
		<BuildDependency Project="ZERO_CHECK.vcxproj"/>
		<BuildDependency Project="publisher.vcxproj"/>
		<Build Solution="Debug|*" Project="false"/>
		<Build Solution="Release|*" Project="false"/>
		<Build Solution="MinSizeRel|*" Project="false"/>
		<Build Solution="RelWithDebInfo|*" Project="false"/>
	</Project>
	<Project Path="ZERO_CHECK.vcxproj" Type="8bc9ceb8-8b4a-11d0-8d11-00a0c91bc942" Id="878c5c1c-a85f-3acf-8d31-3a0f6d3f055b"/>
	<Project Path="publisher.vcxproj" Type="8bc9ceb8-8b4a-11d0-8d11-00a0c91bc942" Id="877b5e6e-9d51-3e1d-b714-18b955d3b5eb">
		<BuildDependency Project="ZERO_CHECK.vcxproj"/>
	</Project>
</Solution>
